
Microsoft Visual Studio Solution File, Format Version 11.00
# Visual Studio 2010
Project("{8BC9CEB8-8B4A-11D0-8D11-00A0C91BC942}") = "n的阶乘", "n的阶乘\n的阶乘.vcxproj", "{960C553E-4EFB-4040-A756-4E98EC2B3D1F}"
EndProject
Global
	GlobalSection(SolutionConfigurationPlatforms) = preSolution
		Debug|Win32 = Debug|Win32
		Release|Win32 = Release|Win32
	EndGlobalSection
	GlobalSection(ProjectConfigurationPlatforms) = postSolution
		{960C553E-4EFB-4040-A756-4E98EC2B3D1F}.Debug|Win32.ActiveCfg = Debug|Win32
		{960C553E-4EFB-4040-A756-4E98EC2B3D1F}.Debug|Win32.Build.0 = Debug|Win32
		{960C553E-4EFB-4040-A756-4E98EC2B3D1F}.Release|Win32.ActiveCfg = Release|Win32
		{960C553E-4EFB-4040-A756-4E98EC2B3D1F}.Release|Win32.Build.0 = Release|Win32
	EndGlobalSection
	GlobalSection(SolutionProperties) = preSolution
		HideSolutionNode = FALSE
	EndGlobalSection
EndGlobal
