
Microsoft Visual Studio Solution File, Format Version 11.00
# Visual Studio 2010
Project("{8BC9CEB8-8B4A-11D0-8D11-00A0C91BC942}") = "水仙花数", "水仙花数\水仙花数.vcxproj", "{DB091504-5D33-499C-9171-F90113BBCB99}"
EndProject
Global
	GlobalSection(SolutionConfigurationPlatforms) = preSolution
		Debug|Win32 = Debug|Win32
		Release|Win32 = Release|Win32
	EndGlobalSection
	GlobalSection(ProjectConfigurationPlatforms) = postSolution
		{DB091504-5D33-499C-9171-F90113BBCB99}.Debug|Win32.ActiveCfg = Debug|Win32
		{DB091504-5D33-499C-9171-F90113BBCB99}.Debug|Win32.Build.0 = Debug|Win32
		{DB091504-5D33-499C-9171-F90113BBCB99}.Release|Win32.ActiveCfg = Release|Win32
		{DB091504-5D33-499C-9171-F90113BBCB99}.Release|Win32.Build.0 = Release|Win32
	EndGlobalSection
	GlobalSection(SolutionProperties) = preSolution
		HideSolutionNode = FALSE
	EndGlobalSection
EndGlobal
