
Microsoft Visual Studio Solution File, Format Version 11.00
# Visual Studio 2010
Project("{8BC9CEB8-8B4A-11D0-8D11-00A0C91BC942}") = "游戏2", "游戏2\游戏2.vcxproj", "{66C7C4C6-0A18-4B0E-A3A1-904748BD8485}"
EndProject
Global
	GlobalSection(SolutionConfigurationPlatforms) = preSolution
		Debug|Win32 = Debug|Win32
		Release|Win32 = Release|Win32
	EndGlobalSection
	GlobalSection(ProjectConfigurationPlatforms) = postSolution
		{66C7C4C6-0A18-4B0E-A3A1-904748BD8485}.Debug|Win32.ActiveCfg = Debug|Win32
		{66C7C4C6-0A18-4B0E-A3A1-904748BD8485}.Debug|Win32.Build.0 = Debug|Win32
		{66C7C4C6-0A18-4B0E-A3A1-904748BD8485}.Release|Win32.ActiveCfg = Release|Win32
		{66C7C4C6-0A18-4B0E-A3A1-904748BD8485}.Release|Win32.Build.0 = Release|Win32
	EndGlobalSection
	GlobalSection(SolutionProperties) = preSolution
		HideSolutionNode = FALSE
	EndGlobalSection
EndGlobal
